
Microsoft Visual Studio Solution File, Format Version 12.00
# Visual Studio Version 17
VisualStudioVersion = 17.4.33205.214
MinimumVisualStudioVersion = 10.0.40219.1
Project("{9A19103F-16F7-4668-BE54-9A1E7A4F7556}") = "Relativity.Import.Samples.NetFrameworkClient", "dotNetWithKepler\Relativity.Import.Samples.NetFrameworkClient.csproj", "{CB2F2C99-73B5-4FCA-8419-19B93862642A}"
EndProject
Project("{9A19103F-16F7-4668-BE54-9A1E7A4F7556}") = "Relativity.Import.Samples.Net7Client", ".NetClientConsole\Relativity.Import.Samples.Net7Client.csproj", "{8BFF16C9-3750-45DE-B112-199CC8AC3425}"
EndProject
Global
	GlobalSection(SolutionConfigurationPlatforms) = preSolution
		Debug|Any CPU = Debug|Any CPU
		Release|Any CPU = Release|Any CPU
	EndGlobalSection
	GlobalSection(ProjectConfigurationPlatforms) = postSolution
		{CB2F2C99-73B5-4FCA-8419-19B93862642A}.Debug|Any CPU.ActiveCfg = Debug|Any CPU
		{CB2F2C99-73B5-4FCA-8419-19B93862642A}.Debug|Any CPU.Build.0 = Debug|Any CPU
		{CB2F2C99-73B5-4FCA-8419-19B93862642A}.Release|Any CPU.ActiveCfg = Release|Any CPU
		{CB2F2C99-73B5-4FCA-8419-19B93862642A}.Release|Any CPU.Build.0 = Release|Any CPU
		{8BFF16C9-3750-45DE-B112-199CC8AC3425}.Debug|Any CPU.ActiveCfg = Debug|Any CPU
		{8BFF16C9-3750-45DE-B112-199CC8AC3425}.Debug|Any CPU.Build.0 = Debug|Any CPU
		{8BFF16C9-3750-45DE-B112-199CC8AC3425}.Release|Any CPU.ActiveCfg = Release|Any CPU
		{8BFF16C9-3750-45DE-B112-199CC8AC3425}.Release|Any CPU.Build.0 = Release|Any CPU
	EndGlobalSection
	GlobalSection(SolutionProperties) = preSolution
		HideSolutionNode = FALSE
	EndGlobalSection
	GlobalSection(ExtensibilityGlobals) = postSolution
		SolutionGuid = {986528D9-6CE9-417F-8073-8F3BCA1E18BB}
	EndGlobalSection
EndGlobal
