
Microsoft Visual Studio Solution File, Format Version 12.00
# Visual Studio Version 17
VisualStudioVersion = 17.4.33205.214
MinimumVisualStudioVersion = 10.0.40219.1
Project("{9A19103F-16F7-4668-BE54-9A1E7A4F7556}") = "Relativity.Import.Samples.NetFrameworkClient", "KeplerClientConsole\Relativity.Import.Samples.NetFrameworkClient.csproj", "{CB2F2C99-73B5-4FCA-8419-19B93862642A}"
EndProject
Project("{9A19103F-16F7-4668-BE54-9A1E7A4F7556}") = "Relativity.Import.Samples.Net7Client", ".Net7ClientConsole\Relativity.Import.Samples.Net7Client.csproj", "{8BFF16C9-3750-45DE-B112-199CC8AC3425}"
EndProject
Project("{2150E333-8FDC-42A3-9474-1A3956D46DE8}") = "DataSources", "DataSources", "{8F26CC26-699A-4A46-BAB5-A35D76E2F0FA}"
	ProjectSection(SolutionItems) = preProject
		..\SampleDataSources\load_file_01.dat = ..\SampleDataSources\load_file_01.dat
		..\SampleDataSources\load_file_02.dat = ..\SampleDataSources\load_file_02.dat
		..\SampleDataSources\load_file_03.dat = ..\SampleDataSources\load_file_03.dat
		..\SampleDataSources\load_file_04.dat = ..\SampleDataSources\load_file_04.dat
		..\SampleDataSources\load_file_05.dat = ..\SampleDataSources\load_file_05.dat
		..\SampleDataSources\load_file_07_0.dat = ..\SampleDataSources\load_file_07_0.dat
		..\SampleDataSources\load_file_07_1.dat = ..\SampleDataSources\load_file_07_1.dat
		..\SampleDataSources\load_file_07_2.dat = ..\SampleDataSources\load_file_07_2.dat
		..\SampleDataSources\load_file_07_3.dat = ..\SampleDataSources\load_file_07_3.dat
		..\SampleDataSources\load_file_07_4.dat = ..\SampleDataSources\load_file_07_4.dat
		..\SampleDataSources\load_file_07_5.dat = ..\SampleDataSources\load_file_07_5.dat
		..\SampleDataSources\load_file_07_6.dat = ..\SampleDataSources\load_file_07_6.dat
		..\SampleDataSources\load_file_07_7.dat = ..\SampleDataSources\load_file_07_7.dat
		..\SampleDataSources\Opticon_01.opt = ..\SampleDataSources\Opticon_01.opt
		..\SampleDataSources\opticon_02.opt = ..\SampleDataSources\opticon_02.opt
		..\SampleDataSources\rdo_load_file_01.dat = ..\SampleDataSources\rdo_load_file_01.dat
		..\SampleDataSources\rdo_load_file_02.dat = ..\SampleDataSources\rdo_load_file_02.dat
		..\SampleDataSources\rdo_load_file_03.dat = ..\SampleDataSources\rdo_load_file_03.dat
	EndProjectSection
EndProject
Global
	GlobalSection(SolutionConfigurationPlatforms) = preSolution
		Debug|Any CPU = Debug|Any CPU
		Release|Any CPU = Release|Any CPU
	EndGlobalSection
	GlobalSection(ProjectConfigurationPlatforms) = postSolution
		{CB2F2C99-73B5-4FCA-8419-19B93862642A}.Debug|Any CPU.ActiveCfg = Debug|Any CPU
		{CB2F2C99-73B5-4FCA-8419-19B93862642A}.Debug|Any CPU.Build.0 = Debug|Any CPU
		{CB2F2C99-73B5-4FCA-8419-19B93862642A}.Release|Any CPU.ActiveCfg = Release|Any CPU
		{CB2F2C99-73B5-4FCA-8419-19B93862642A}.Release|Any CPU.Build.0 = Release|Any CPU
		{8BFF16C9-3750-45DE-B112-199CC8AC3425}.Debug|Any CPU.ActiveCfg = Debug|Any CPU
		{8BFF16C9-3750-45DE-B112-199CC8AC3425}.Debug|Any CPU.Build.0 = Debug|Any CPU
		{8BFF16C9-3750-45DE-B112-199CC8AC3425}.Release|Any CPU.ActiveCfg = Release|Any CPU
		{8BFF16C9-3750-45DE-B112-199CC8AC3425}.Release|Any CPU.Build.0 = Release|Any CPU
	EndGlobalSection
	GlobalSection(SolutionProperties) = preSolution
		HideSolutionNode = FALSE
	EndGlobalSection
	GlobalSection(ExtensibilityGlobals) = postSolution
		SolutionGuid = {986528D9-6CE9-417F-8073-8F3BCA1E18BB}
	EndGlobalSection
EndGlobal
